
Microsoft Visual Studio Solution File, Format Version 12.00
# Visual Studio Version 17
VisualStudioVersion = 17.6.33815.320
MinimumVisualStudioVersion = 10.0.40219.1
Project("{FAE04EC0-301F-11D3-BF4B-00C04F79EFBC}") = "QueueWithArray", "Queue&StackWithArray\QueueWithArray.csproj", "{F7388E4E-66AA-49D7-A747-9E5D9EC2843B}"
EndProject
Project("{FAE04EC0-301F-11D3-BF4B-00C04F79EFBC}") = "StackWithArray", "StackWithArray\StackWithArray.csproj", "{B8F76CAE-0346-4329-9F50-B402D47BB1C5}"
EndProject
Global
	GlobalSection(SolutionConfigurationPlatforms) = preSolution
		Debug|Any CPU = Debug|Any CPU
		Release|Any CPU = Release|Any CPU
	EndGlobalSection
	GlobalSection(ProjectConfigurationPlatforms) = postSolution
		{F7388E4E-66AA-49D7-A747-9E5D9EC2843B}.Debug|Any CPU.ActiveCfg = Debug|Any CPU
		{F7388E4E-66AA-49D7-A747-9E5D9EC2843B}.Debug|Any CPU.Build.0 = Debug|Any CPU
		{F7388E4E-66AA-49D7-A747-9E5D9EC2843B}.Release|Any CPU.ActiveCfg = Release|Any CPU
		{F7388E4E-66AA-49D7-A747-9E5D9EC2843B}.Release|Any CPU.Build.0 = Release|Any CPU
		{B8F76CAE-0346-4329-9F50-B402D47BB1C5}.Debug|Any CPU.ActiveCfg = Debug|Any CPU
		{B8F76CAE-0346-4329-9F50-B402D47BB1C5}.Debug|Any CPU.Build.0 = Debug|Any CPU
		{B8F76CAE-0346-4329-9F50-B402D47BB1C5}.Release|Any CPU.ActiveCfg = Release|Any CPU
		{B8F76CAE-0346-4329-9F50-B402D47BB1C5}.Release|Any CPU.Build.0 = Release|Any CPU
	EndGlobalSection
	GlobalSection(SolutionProperties) = preSolution
		HideSolutionNode = FALSE
	EndGlobalSection
	GlobalSection(ExtensibilityGlobals) = postSolution
		SolutionGuid = {763E22A8-ACC1-48C3-A98B-6DB6AC6CEAC6}
	EndGlobalSection
EndGlobal
